[command]/home/runner/work/_temp/0e085459-1756-4373-bca1-d29f5871454d/terraform-bin show plan.tmp

Terraform used the selected providers to generate the following execution
plan. Resource actions are indicated with the following symbols:
  [32m+[0m create[0m

Terraform will perform the following actions:

[1m  # azurerm_network_interface.example[0m will be created
[0m  [32m+[0m[0m resource "azurerm_network_interface" "example" {
      [32m+[0m[0m applied_dns_servers           = (known after apply)
      [32m+[0m[0m dns_servers                   = (known after apply)
      [32m+[0m[0m enable_accelerated_networking = false
      [32m+[0m[0m enable_ip_forwarding          = false
      [32m+[0m[0m id                            = (known after apply)
      [32m+[0m[0m internal_dns_name_label       = (known after apply)
      [32m+[0m[0m internal_domain_name_suffix   = (known after apply)
      [32m+[0m[0m location                      = "westus3"
      [32m+[0m[0m mac_address                   = (known after apply)
      [32m+[0m[0m name                          = "example-nic"
      [32m+[0m[0m private_ip_address            = (known after apply)
      [32m+[0m[0m private_ip_addresses          = (known after apply)
      [32m+[0m[0m resource_group_name           = "example-resources"
      [32m+[0m[0m virtual_machine_id            = (known after apply)

      [32m+[0m[0m ip_configuration {
          [32m+[0m[0m gateway_load_balancer_frontend_ip_configuration_id = (known after apply)
          [32m+[0m[0m name                                               = "internal"
          [32m+[0m[0m primary                                            = (known after apply)
          [32m+[0m[0m private_ip_address                                 = (known after apply)
          [32m+[0m[0m private_ip_address_allocation                      = "Dynamic"
          [32m+[0m[0m private_ip_address_version                         = "IPv4"
          [32m+[0m[0m subnet_id                                          = (known after apply)
        }
    }

[1m  # azurerm_network_interface_security_group_association.example[0m will be created
[0m  [32m+[0m[0m resource "azurerm_network_interface_security_group_association" "example" {
      [32m+[0m[0m id                        = (known after apply)
      [32m+[0m[0m network_interface_id      = (known after apply)
      [32m+[0m[0m network_security_group_id = (known after apply)
    }

[1m  # azurerm_network_security_group.example[0m will be created
[0m  [32m+[0m[0m resource "azurerm_network_security_group" "example" {
      [32m+[0m[0m id                  = (known after apply)
      [32m+[0m[0m location            = "westus3"
      [32m+[0m[0m name                = "example-nsg"
      [32m+[0m[0m resource_group_name = "example-resources"
      [32m+[0m[0m security_rule       = (known after apply)
    }

[1m  # azurerm_network_security_rule.example[0m will be created
[0m  [32m+[0m[0m resource "azurerm_network_security_rule" "example" {
      [32m+[0m[0m access                      = "Allow"
      [32m+[0m[0m destination_address_prefix  = "*"
      [32m+[0m[0m destination_port_range      = "22"
      [32m+[0m[0m direction                   = "Inbound"
      [32m+[0m[0m id                          = (known after apply)
      [32m+[0m[0m name                        = "SSH"
      [32m+[0m[0m network_security_group_name = "example-nsg"
      [32m+[0m[0m priority                    = 1001
      [32m+[0m[0m protocol                    = "Tcp"
      [32m+[0m[0m resource_group_name         = "example-resources"
      [32m+[0m[0m source_address_prefix       = "*"
      [32m+[0m[0m source_port_range           = "*"
    }

[1m  # azurerm_resource_group.example[0m will be created
[0m  [32m+[0m[0m resource "azurerm_resource_group" "example" {
      [32m+[0m[0m id       = (known after apply)
      [32m+[0m[0m location = "westus3"
      [32m+[0m[0m name     = "example-resources"
    }

[1m  # azurerm_subnet.example[0m will be created
[0m  [32m+[0m[0m resource "azurerm_subnet" "example" {
      [32m+[0m[0m address_prefixes                               = [
          [32m+[0m[0m "10.0.1.0/24",
        ]
      [32m+[0m[0m enforce_private_link_endpoint_network_policies = (known after apply)
      [32m+[0m[0m enforce_private_link_service_network_policies  = (known after apply)
      [32m+[0m[0m id                                             = (known after apply)
      [32m+[0m[0m name                                           = "example-subnet"
      [32m+[0m[0m private_endpoint_network_policies_enabled      = (known after apply)
      [32m+[0m[0m private_link_service_network_policies_enabled  = (known after apply)
      [32m+[0m[0m resource_group_name                            = "example-resources"
      [32m+[0m[0m virtual_network_name                           = "example-network"
    }

[1m  # azurerm_virtual_machine.example[0m will be created
[0m  [32m+[0m[0m resource "azurerm_virtual_machine" "example" {
      [32m+[0m[0m availability_set_id              = (known after apply)
      [32m+[0m[0m delete_data_disks_on_termination = false
      [32m+[0m[0m delete_os_disk_on_termination    = false
      [32m+[0m[0m id                               = (known after apply)
      [32m+[0m[0m license_type                     = (known after apply)
      [32m+[0m[0m location                         = "westus3"
      [32m+[0m[0m name                             = "example-vm"
      [32m+[0m[0m network_interface_ids            = (known after apply)
      [32m+[0m[0m resource_group_name              = "example-resources"
      [32m+[0m[0m vm_size                          = "Standard_B1s"

      [32m+[0m[0m os_profile {
          # At least one attribute in this block is (or was) sensitive,
          # so its contents will not be displayed.
        }

      [32m+[0m[0m os_profile_linux_config {
          [32m+[0m[0m disable_password_authentication = false
        }

      [32m+[0m[0m storage_image_reference {
          [32m+[0m[0m offer     = "UbuntuServer"
          [32m+[0m[0m publisher = "Canonical"
          [32m+[0m[0m sku       = "18.04-LTS"
          [32m+[0m[0m version   = "latest"
        }

      [32m+[0m[0m storage_os_disk {
          [32m+[0m[0m caching                   = "ReadWrite"
          [32m+[0m[0m create_option             = "FromImage"
          [32m+[0m[0m disk_size_gb              = (known after apply)
          [32m+[0m[0m managed_disk_id           = (known after apply)
          [32m+[0m[0m managed_disk_type         = "Standard_LRS"
          [32m+[0m[0m name                      = "osdisk-example"
          [32m+[0m[0m os_type                   = (known after apply)
          [32m+[0m[0m write_accelerator_enabled = false
        }
    }

[1m  # azurerm_virtual_network.example[0m will be created
[0m  [32m+[0m[0m resource "azurerm_virtual_network" "example" {
      [32m+[0m[0m address_space       = [
          [32m+[0m[0m "10.0.0.0/16",
        ]
      [32m+[0m[0m dns_servers         = (known after apply)
      [32m+[0m[0m guid                = (known after apply)
      [32m+[0m[0m id                  = (known after apply)
      [32m+[0m[0m location            = "westus3"
      [32m+[0m[0m name                = "example-network"
      [32m+[0m[0m resource_group_name = "example-resources"
      [32m+[0m[0m subnet              = (known after apply)
    }

[1mPlan:[0m 8 to add, 0 to change, 0 to destroy.
[0m::debug::Terraform exited with code 0.
::debug::stdout: %0ATerraform used the selected providers to generate the following execution%0Aplan. Resource actions are indicated with the following symbols:%0A  [32m+[0m create[0m%0A%0ATerraform will perform the following actions:%0A%0A[1m  # azurerm_network_interface.example[0m will be created%0A[0m  [32m+[0m[0m resource "azurerm_network_interface" "example" {%0A      [32m+[0m[0m applied_dns_servers           = (known after apply)%0A      [32m+[0m[0m dns_servers                   = (known after apply)%0A      [32m+[0m[0m enable_accelerated_networking = false%0A      [32m+[0m[0m enable_ip_forwarding          = false%0A      [32m+[0m[0m id                            = (known after apply)%0A      [32m+[0m[0m internal_dns_name_label       = (known after apply)%0A      [32m+[0m[0m internal_domain_name_suffix   = (known after apply)%0A      [32m+[0m[0m location                      = "westus3"%0A      [32m+[0m[0m mac_address                   = (known after apply)%0A      [32m+[0m[0m name                          = "example-nic"%0A      [32m+[0m[0m private_ip_address            = (known after apply)%0A      [32m+[0m[0m private_ip_addresses          = (known after apply)%0A      [32m+[0m[0m resource_group_name           = "example-resources"%0A      [32m+[0m[0m virtual_machine_id            = (known after apply)%0A%0A      [32m+[0m[0m ip_configuration {%0A          [32m+[0m[0m gateway_load_balancer_frontend_ip_configuration_id = (known after apply)%0A          [32m+[0m[0m name                                               = "internal"%0A          [32m+[0m[0m primary                                            = (known after apply)%0A          [32m+[0m[0m private_ip_address                                 = (known after apply)%0A          [32m+[0m[0m private_ip_address_allocation                      = "Dynamic"%0A          [32m+[0m[0m private_ip_address_version                         = "IPv4"%0A          [32m+[0m[0m subnet_id                                          = (known after apply)%0A        }%0A    }%0A%0A[1m  # azurerm_network_interface_security_group_association.example[0m will be created%0A[0m  [32m+[0m[0m resource "azurerm_network_interface_security_group_association" "example" {%0A      [32m+[0m[0m id                        = (known after apply)%0A      [32m+[0m[0m network_interface_id      = (known after apply)%0A      [32m+[0m[0m network_security_group_id = (known after apply)%0A    }%0A%0A[1m  # azurerm_network_security_group.example[0m will be created%0A[0m  [32m+[0m[0m resource "azurerm_network_security_group" "example" {%0A      [32m+[0m[0m id                  = (known after apply)%0A      [32m+[0m[0m location            = "westus3"%0A      [32m+[0m[0m name                = "example-nsg"%0A      [32m+[0m[0m resource_group_name = "example-resources"%0A      [32m+[0m[0m security_rule       = (known after apply)%0A    }%0A%0A[1m  # azurerm_network_security_rule.example[0m will be created%0A[0m  [32m+[0m[0m resource "azurerm_network_security_rule" "example" {%0A      [32m+[0m[0m access                      = "Allow"%0A      [32m+[0m[0m destination_address_prefix  = "*"%0A      [32m+[0m[0m destination_port_range      = "22"%0A      [32m+[0m[0m direction                   = "Inbound"%0A      [32m+[0m[0m id                          = (known after apply)%0A      [32m+[0m[0m name                        = "SSH"%0A      [32m+[0m[0m network_security_group_name = "example-nsg"%0A      [32m+[0m[0m priority                    = 1001%0A      [32m+[0m[0m protocol                    = "Tcp"%0A      [32m+[0m[0m resource_group_name         = "example-resources"%0A      [32m+[0m[0m source_address_prefix       = "*"%0A      [32m+[0m[0m source_port_range           = "*"%0A    }%0A%0A[1m  # azurerm_resource_group.example[0m will be created%0A[0m  [32m+[0m[0m resource "azurerm_resource_group" "example" {%0A      [32m+[0m[0m id       = (known after apply)%0A      [32m+[0m[0m location = "westus3"%0A      [32m+[0m[0m name     = "example-resources"%0A    }%0A%0A[1m  # azurerm_subnet.example[0m will be created%0A[0m  [32m+[0m[0m resource "azurerm_subnet" "example" {%0A      [32m+[0m[0m address_prefixes                               = [%0A          [32m+[0m[0m "10.0.1.0/24",%0A        ]%0A      [32m+[0m[0m enforce_private_link_endpoint_network_policies = (known after apply)%0A      [32m+[0m[0m enforce_private_link_service_network_policies  = (known after apply)%0A      [32m+[0m[0m id                                             = (known after apply)%0A      [32m+[0m[0m name                                           = "example-subnet"%0A      [32m+[0m[0m private_endpoint_network_policies_enabled      = (known after apply)%0A      [32m+[0m[0m private_link_service_network_policies_enabled  = (known after apply)%0A      [32m+[0m[0m resource_group_name                            = "example-resources"%0A      [32m+[0m[0m virtual_network_name                           = "example-network"%0A    }%0A%0A[1m  # azurerm_virtual_machine.example[0m will be created%0A[0m  [32m+[0m[0m resource "azurerm_virtual_machine" "example" {%0A      [32m+[0m[0m availability_set_id              = (known after apply)%0A      [32m+[0m[0m delete_data_disks_on_termination = false%0A      [32m+[0m[0m delete_os_disk_on_termination    = false%0A      [32m+[0m[0m id                               = (known after apply)%0A      [32m+[0m[0m license_type                     = (known after apply)%0A      [32m+[0m[0m location                         = "westus3"%0A      [32m+[0m[0m name                             = "example-vm"%0A      [32m+[0m[0m network_interface_ids            = (known after apply)%0A      [32m+[0m[0m resource_group_name              = "example-resources"%0A      [32m+[0m[0m vm_size                          = "Standard_B1s"%0A%0A      [32m+[0m[0m os_profile {%0A          # At least one attribute in this block is (or was) sensitive,%0A          # so its contents will not be displayed.%0A        }%0A%0A      [32m+[0m[0m os_profile_linux_config {%0A          [32m+[0m[0m disable_password_authentication = false%0A        }%0A%0A      [32m+[0m[0m storage_image_reference {%0A          [32m+[0m[0m offer     = "UbuntuServer"%0A          [32m+[0m[0m publisher = "Canonical"%0A          [32m+[0m[0m sku       = "18.04-LTS"%0A          [32m+[0m[0m version   = "latest"%0A        }%0A%0A      [32m+[0m[0m storage_os_disk {%0A          [32m+[0m[0m caching                   = "ReadWrite"%0A          [32m+[0m[0m create_option             = "FromImage"%0A          [32m+[0m[0m disk_size_gb              = (known after apply)%0A          [32m+[0m[0m managed_disk_id           = (known after apply)%0A          [32m+[0m[0m managed_disk_type         = "Standard_LRS"%0A          [32m+[0m[0m name                      = "osdisk-example"%0A          [32m+[0m[0m os_type                   = (known after apply)%0A          [32m+[0m[0m write_accelerator_enabled = false%0A        }%0A    }%0A%0A[1m  # azurerm_virtual_network.example[0m will be created%0A[0m  [32m+[0m[0m resource "azurerm_virtual_network" "example" {%0A      [32m+[0m[0m address_space       = [%0A          [32m+[0m[0m "10.0.0.0/16",%0A        ]%0A      [32m+[0m[0m dns_servers         = (known after apply)%0A      [32m+[0m[0m guid                = (known after apply)%0A      [32m+[0m[0m id                  = (known after apply)%0A      [32m+[0m[0m location            = "westus3"%0A      [32m+[0m[0m name                = "example-network"%0A      [32m+[0m[0m resource_group_name = "example-resources"%0A      [32m+[0m[0m subnet              = (known after apply)%0A    }%0A%0A[1mPlan:[0m 8 to add, 0 to change, 0 to destroy.%0A[0m
::debug::stderr: 
::debug::exitcode: 0
